
Microsoft Visual Studio Solution File, Format Version 12.00
# Visual Studio Version 17
VisualStudioVersion = 17.3.32901.215
MinimumVisualStudioVersion = 10.0.40219.1
Project("{9A19103F-16F7-4668-BE54-9A1E7A4F7556}") = "FiguresWindow", "FiguresWindow.csproj", "{841A551F-E5BE-43EC-A87D-556F3036470E}"
EndProject
Project("{FAE04EC0-301F-11D3-BF4B-00C04F79EFBC}") = "TestsToFiguresWindow", "..\TextsToFiguresWindow\TestsToFiguresWindow.csproj", "{0F5FF1F7-BCF9-4804-A318-7693F2B2D1B2}"
EndProject
Global
	GlobalSection(SolutionConfigurationPlatforms) = preSolution
		Debug|Any CPU = Debug|Any CPU
		Release|Any CPU = Release|Any CPU
	EndGlobalSection
	GlobalSection(ProjectConfigurationPlatforms) = postSolution
		{841A551F-E5BE-43EC-A87D-556F3036470E}.Debug|Any CPU.ActiveCfg = Debug|Any CPU
		{841A551F-E5BE-43EC-A87D-556F3036470E}.Debug|Any CPU.Build.0 = Debug|Any CPU
		{841A551F-E5BE-43EC-A87D-556F3036470E}.Release|Any CPU.ActiveCfg = Release|Any CPU
		{841A551F-E5BE-43EC-A87D-556F3036470E}.Release|Any CPU.Build.0 = Release|Any CPU
		{0F5FF1F7-BCF9-4804-A318-7693F2B2D1B2}.Debug|Any CPU.ActiveCfg = Debug|Any CPU
		{0F5FF1F7-BCF9-4804-A318-7693F2B2D1B2}.Debug|Any CPU.Build.0 = Debug|Any CPU
		{0F5FF1F7-BCF9-4804-A318-7693F2B2D1B2}.Release|Any CPU.ActiveCfg = Release|Any CPU
		{0F5FF1F7-BCF9-4804-A318-7693F2B2D1B2}.Release|Any CPU.Build.0 = Release|Any CPU
	EndGlobalSection
	GlobalSection(SolutionProperties) = preSolution
		HideSolutionNode = FALSE
	EndGlobalSection
	GlobalSection(ExtensibilityGlobals) = postSolution
		SolutionGuid = {047E1295-675E-4689-98EB-D588FFA472FA}
	EndGlobalSection
EndGlobal
